
Microsoft Visual Studio Solution File, Format Version 12.00
# Visual Studio Version 17
VisualStudioVersion = 17.10.35122.118
MinimumVisualStudioVersion = 10.0.40219.1
Project("{FAE04EC0-301F-11D3-BF4B-00C04F79EFBC}") = "Module05Exercise01", "Module05Exercise01.csproj", "{664005EA-5AD1-4919-BFD8-C27D86ADFD81}"
EndProject
Global
	GlobalSection(SolutionConfigurationPlatforms) = preSolution
		Debug|Any CPU = Debug|Any CPU
		Release|Any CPU = Release|Any CPU
	EndGlobalSection
	GlobalSection(ProjectConfigurationPlatforms) = postSolution
		{664005EA-5AD1-4919-BFD8-C27D86ADFD81}.Debug|Any CPU.ActiveCfg = Debug|Any CPU
		{664005EA-5AD1-4919-BFD8-C27D86ADFD81}.Debug|Any CPU.Build.0 = Debug|Any CPU
		{664005EA-5AD1-4919-BFD8-C27D86ADFD81}.Debug|Any CPU.Deploy.0 = Debug|Any CPU
		{664005EA-5AD1-4919-BFD8-C27D86ADFD81}.Release|Any CPU.ActiveCfg = Release|Any CPU
		{664005EA-5AD1-4919-BFD8-C27D86ADFD81}.Release|Any CPU.Build.0 = Release|Any CPU
		{664005EA-5AD1-4919-BFD8-C27D86ADFD81}.Release|Any CPU.Deploy.0 = Release|Any CPU
	EndGlobalSection
	GlobalSection(SolutionProperties) = preSolution
		HideSolutionNode = FALSE
	EndGlobalSection
	GlobalSection(ExtensibilityGlobals) = postSolution
		SolutionGuid = {FD0861EC-BD80-4B0D-B921-4888AC143506}
	EndGlobalSection
EndGlobal
